
Microsoft Visual Studio Solution File, Format Version 12.00
# Visual Studio Version 16
VisualStudioVersion = 16.0.30804.86
MinimumVisualStudioVersion = 10.0.40219.1
Project("{FAE04EC0-301F-11D3-BF4B-00C04F79EFBC}") = "SharpViewer", "SharpViewer\SharpViewer.csproj", "{341A951E-6700-46F9-93B9-28FAEA5EB3E0}"
EndProject
Global
	GlobalSection(SolutionConfigurationPlatforms) = preSolution
		Debug|Any CPU = Debug|Any CPU
		Release|Any CPU = Release|Any CPU
	EndGlobalSection
	GlobalSection(ProjectConfigurationPlatforms) = postSolution
		{341A951E-6700-46F9-93B9-28FAEA5EB3E0}.Debug|Any CPU.ActiveCfg = Debug|Any CPU
		{341A951E-6700-46F9-93B9-28FAEA5EB3E0}.Debug|Any CPU.Build.0 = Debug|Any CPU
		{341A951E-6700-46F9-93B9-28FAEA5EB3E0}.Release|Any CPU.ActiveCfg = Release|Any CPU
		{341A951E-6700-46F9-93B9-28FAEA5EB3E0}.Release|Any CPU.Build.0 = Release|Any CPU
	EndGlobalSection
	GlobalSection(SolutionProperties) = preSolution
		HideSolutionNode = FALSE
	EndGlobalSection
	GlobalSection(ExtensibilityGlobals) = postSolution
		SolutionGuid = {A1BF4DE7-85DD-4EB7-8F7D-9C4C2D77FA53}
	EndGlobalSection
EndGlobal
